
Microsoft Visual Studio Solution File, Format Version 12.00
# Visual Studio Version 17
VisualStudioVersion = 17.13.35818.85
MinimumVisualStudioVersion = 10.0.40219.1
Project("{FAE04EC0-301F-11D3-BF4B-00C04F79EFBC}") = "LR1_2", "LR1_2\LR1_2.csproj", "{179C2CBC-74B3-4562-9655-3F86FD245F5F}"
EndProject
Project("{FAE04EC0-301F-11D3-BF4B-00C04F79EFBC}") = "LR3", "LR3\LR3.csproj", "{BD3969B6-D706-4C08-8C93-CE6DF00814B4}"
EndProject
Project("{FAE04EC0-301F-11D3-BF4B-00C04F79EFBC}") = "LR4", "LR4\LR4.csproj", "{A366B039-018E-4E71-BE85-413D6D755EF2}"
EndProject
Project("{FAE04EC0-301F-11D3-BF4B-00C04F79EFBC}") = "LR5", "LR5\LR5.csproj", "{B9192CE7-5050-4353-B269-5B7F85D6AC2D}"
EndProject
Project("{FAE04EC0-301F-11D3-BF4B-00C04F79EFBC}") = "LR6", "LR6\LR6.csproj", "{5BF698F8-E86D-43AF-AC58-5EF9DCF5FDAD}"
EndProject
Project("{FAE04EC0-301F-11D3-BF4B-00C04F79EFBC}") = "LR7", "LR7\LR7.csproj", "{45066696-C4E8-4E56-8274-B4923CA1B714}"
EndProject
Project("{FAE04EC0-301F-11D3-BF4B-00C04F79EFBC}") = "LR8", "LR8\LR8.csproj", "{04ADCAB1-F36B-438E-8EE4-C0EF9A85A119}"
EndProject
Project("{FAE04EC0-301F-11D3-BF4B-00C04F79EFBC}") = "LR9_11", "LR9_11\LR9_11.csproj", "{C47DD073-237C-4F59-90C1-27E3AB328E61}"
EndProject
Global
	GlobalSection(SolutionConfigurationPlatforms) = preSolution
		Debug|Any CPU = Debug|Any CPU
		Debug|x64 = Debug|x64
		Debug|x86 = Debug|x86
		Release|Any CPU = Release|Any CPU
		Release|x64 = Release|x64
		Release|x86 = Release|x86
	EndGlobalSection
	GlobalSection(ProjectConfigurationPlatforms) = postSolution
		{179C2CBC-74B3-4562-9655-3F86FD245F5F}.Debug|Any CPU.ActiveCfg = Debug|Any CPU
		{179C2CBC-74B3-4562-9655-3F86FD245F5F}.Debug|Any CPU.Build.0 = Debug|Any CPU
		{179C2CBC-74B3-4562-9655-3F86FD245F5F}.Debug|x64.ActiveCfg = Debug|Any CPU
		{179C2CBC-74B3-4562-9655-3F86FD245F5F}.Debug|x64.Build.0 = Debug|Any CPU
		{179C2CBC-74B3-4562-9655-3F86FD245F5F}.Debug|x86.ActiveCfg = Debug|Any CPU
		{179C2CBC-74B3-4562-9655-3F86FD245F5F}.Debug|x86.Build.0 = Debug|Any CPU
		{179C2CBC-74B3-4562-9655-3F86FD245F5F}.Release|Any CPU.ActiveCfg = Release|Any CPU
		{179C2CBC-74B3-4562-9655-3F86FD245F5F}.Release|Any CPU.Build.0 = Release|Any CPU
		{179C2CBC-74B3-4562-9655-3F86FD245F5F}.Release|x64.ActiveCfg = Release|Any CPU
		{179C2CBC-74B3-4562-9655-3F86FD245F5F}.Release|x64.Build.0 = Release|Any CPU
		{179C2CBC-74B3-4562-9655-3F86FD245F5F}.Release|x86.ActiveCfg = Release|Any CPU
		{179C2CBC-74B3-4562-9655-3F86FD245F5F}.Release|x86.Build.0 = Release|Any CPU
		{BD3969B6-D706-4C08-8C93-CE6DF00814B4}.Debug|Any CPU.ActiveCfg = Debug|Any CPU
		{BD3969B6-D706-4C08-8C93-CE6DF00814B4}.Debug|Any CPU.Build.0 = Debug|Any CPU
		{BD3969B6-D706-4C08-8C93-CE6DF00814B4}.Debug|x64.ActiveCfg = Debug|Any CPU
		{BD3969B6-D706-4C08-8C93-CE6DF00814B4}.Debug|x64.Build.0 = Debug|Any CPU
		{BD3969B6-D706-4C08-8C93-CE6DF00814B4}.Debug|x86.ActiveCfg = Debug|Any CPU
		{BD3969B6-D706-4C08-8C93-CE6DF00814B4}.Debug|x86.Build.0 = Debug|Any CPU
		{BD3969B6-D706-4C08-8C93-CE6DF00814B4}.Release|Any CPU.ActiveCfg = Release|Any CPU
		{BD3969B6-D706-4C08-8C93-CE6DF00814B4}.Release|Any CPU.Build.0 = Release|Any CPU
		{BD3969B6-D706-4C08-8C93-CE6DF00814B4}.Release|x64.ActiveCfg = Release|Any CPU
		{BD3969B6-D706-4C08-8C93-CE6DF00814B4}.Release|x64.Build.0 = Release|Any CPU
		{BD3969B6-D706-4C08-8C93-CE6DF00814B4}.Release|x86.ActiveCfg = Release|Any CPU
		{BD3969B6-D706-4C08-8C93-CE6DF00814B4}.Release|x86.Build.0 = Release|Any CPU
		{A366B039-018E-4E71-BE85-413D6D755EF2}.Debug|Any CPU.ActiveCfg = Debug|Any CPU
		{A366B039-018E-4E71-BE85-413D6D755EF2}.Debug|Any CPU.Build.0 = Debug|Any CPU
		{A366B039-018E-4E71-BE85-413D6D755EF2}.Debug|x64.ActiveCfg = Debug|Any CPU
		{A366B039-018E-4E71-BE85-413D6D755EF2}.Debug|x64.Build.0 = Debug|Any CPU
		{A366B039-018E-4E71-BE85-413D6D755EF2}.Debug|x86.ActiveCfg = Debug|Any CPU
		{A366B039-018E-4E71-BE85-413D6D755EF2}.Debug|x86.Build.0 = Debug|Any CPU
		{A366B039-018E-4E71-BE85-413D6D755EF2}.Release|Any CPU.ActiveCfg = Release|Any CPU
		{A366B039-018E-4E71-BE85-413D6D755EF2}.Release|Any CPU.Build.0 = Release|Any CPU
		{A366B039-018E-4E71-BE85-413D6D755EF2}.Release|x64.ActiveCfg = Release|Any CPU
		{A366B039-018E-4E71-BE85-413D6D755EF2}.Release|x64.Build.0 = Release|Any CPU
		{A366B039-018E-4E71-BE85-413D6D755EF2}.Release|x86.ActiveCfg = Release|Any CPU
		{A366B039-018E-4E71-BE85-413D6D755EF2}.Release|x86.Build.0 = Release|Any CPU
		{B9192CE7-5050-4353-B269-5B7F85D6AC2D}.Debug|Any CPU.ActiveCfg = Debug|Any CPU
		{B9192CE7-5050-4353-B269-5B7F85D6AC2D}.Debug|Any CPU.Build.0 = Debug|Any CPU
		{B9192CE7-5050-4353-B269-5B7F85D6AC2D}.Debug|x64.ActiveCfg = Debug|Any CPU
		{B9192CE7-5050-4353-B269-5B7F85D6AC2D}.Debug|x64.Build.0 = Debug|Any CPU
		{B9192CE7-5050-4353-B269-5B7F85D6AC2D}.Debug|x86.ActiveCfg = Debug|Any CPU
		{B9192CE7-5050-4353-B269-5B7F85D6AC2D}.Debug|x86.Build.0 = Debug|Any CPU
		{B9192CE7-5050-4353-B269-5B7F85D6AC2D}.Release|Any CPU.ActiveCfg = Release|Any CPU
		{B9192CE7-5050-4353-B269-5B7F85D6AC2D}.Release|Any CPU.Build.0 = Release|Any CPU
		{B9192CE7-5050-4353-B269-5B7F85D6AC2D}.Release|x64.ActiveCfg = Release|Any CPU
		{B9192CE7-5050-4353-B269-5B7F85D6AC2D}.Release|x64.Build.0 = Release|Any CPU
		{B9192CE7-5050-4353-B269-5B7F85D6AC2D}.Release|x86.ActiveCfg = Release|Any CPU
		{B9192CE7-5050-4353-B269-5B7F85D6AC2D}.Release|x86.Build.0 = Release|Any CPU
		{5BF698F8-E86D-43AF-AC58-5EF9DCF5FDAD}.Debug|Any CPU.ActiveCfg = Debug|Any CPU
		{5BF698F8-E86D-43AF-AC58-5EF9DCF5FDAD}.Debug|Any CPU.Build.0 = Debug|Any CPU
		{5BF698F8-E86D-43AF-AC58-5EF9DCF5FDAD}.Debug|x64.ActiveCfg = Debug|Any CPU
		{5BF698F8-E86D-43AF-AC58-5EF9DCF5FDAD}.Debug|x64.Build.0 = Debug|Any CPU
		{5BF698F8-E86D-43AF-AC58-5EF9DCF5FDAD}.Debug|x86.ActiveCfg = Debug|Any CPU
		{5BF698F8-E86D-43AF-AC58-5EF9DCF5FDAD}.Debug|x86.Build.0 = Debug|Any CPU
		{5BF698F8-E86D-43AF-AC58-5EF9DCF5FDAD}.Release|Any CPU.ActiveCfg = Release|Any CPU
		{5BF698F8-E86D-43AF-AC58-5EF9DCF5FDAD}.Release|Any CPU.Build.0 = Release|Any CPU
		{5BF698F8-E86D-43AF-AC58-5EF9DCF5FDAD}.Release|x64.ActiveCfg = Release|Any CPU
		{5BF698F8-E86D-43AF-AC58-5EF9DCF5FDAD}.Release|x64.Build.0 = Release|Any CPU
		{5BF698F8-E86D-43AF-AC58-5EF9DCF5FDAD}.Release|x86.ActiveCfg = Release|Any CPU
		{5BF698F8-E86D-43AF-AC58-5EF9DCF5FDAD}.Release|x86.Build.0 = Release|Any CPU
		{45066696-C4E8-4E56-8274-B4923CA1B714}.Debug|Any CPU.ActiveCfg = Debug|Any CPU
		{45066696-C4E8-4E56-8274-B4923CA1B714}.Debug|Any CPU.Build.0 = Debug|Any CPU
		{45066696-C4E8-4E56-8274-B4923CA1B714}.Debug|x64.ActiveCfg = Debug|Any CPU
		{45066696-C4E8-4E56-8274-B4923CA1B714}.Debug|x64.Build.0 = Debug|Any CPU
		{45066696-C4E8-4E56-8274-B4923CA1B714}.Debug|x86.ActiveCfg = Debug|Any CPU
		{45066696-C4E8-4E56-8274-B4923CA1B714}.Debug|x86.Build.0 = Debug|Any CPU
		{45066696-C4E8-4E56-8274-B4923CA1B714}.Release|Any CPU.ActiveCfg = Release|Any CPU
		{45066696-C4E8-4E56-8274-B4923CA1B714}.Release|Any CPU.Build.0 = Release|Any CPU
		{45066696-C4E8-4E56-8274-B4923CA1B714}.Release|x64.ActiveCfg = Release|Any CPU
		{45066696-C4E8-4E56-8274-B4923CA1B714}.Release|x64.Build.0 = Release|Any CPU
		{45066696-C4E8-4E56-8274-B4923CA1B714}.Release|x86.ActiveCfg = Release|Any CPU
		{45066696-C4E8-4E56-8274-B4923CA1B714}.Release|x86.Build.0 = Release|Any CPU
		{04ADCAB1-F36B-438E-8EE4-C0EF9A85A119}.Debug|Any CPU.ActiveCfg = Debug|Any CPU
		{04ADCAB1-F36B-438E-8EE4-C0EF9A85A119}.Debug|Any CPU.Build.0 = Debug|Any CPU
		{04ADCAB1-F36B-438E-8EE4-C0EF9A85A119}.Debug|x64.ActiveCfg = Debug|Any CPU
		{04ADCAB1-F36B-438E-8EE4-C0EF9A85A119}.Debug|x64.Build.0 = Debug|Any CPU
		{04ADCAB1-F36B-438E-8EE4-C0EF9A85A119}.Debug|x86.ActiveCfg = Debug|Any CPU
		{04ADCAB1-F36B-438E-8EE4-C0EF9A85A119}.Debug|x86.Build.0 = Debug|Any CPU
		{04ADCAB1-F36B-438E-8EE4-C0EF9A85A119}.Release|Any CPU.ActiveCfg = Release|Any CPU
		{04ADCAB1-F36B-438E-8EE4-C0EF9A85A119}.Release|Any CPU.Build.0 = Release|Any CPU
		{04ADCAB1-F36B-438E-8EE4-C0EF9A85A119}.Release|x64.ActiveCfg = Release|Any CPU
		{04ADCAB1-F36B-438E-8EE4-C0EF9A85A119}.Release|x64.Build.0 = Release|Any CPU
		{04ADCAB1-F36B-438E-8EE4-C0EF9A85A119}.Release|x86.ActiveCfg = Release|Any CPU
		{04ADCAB1-F36B-438E-8EE4-C0EF9A85A119}.Release|x86.Build.0 = Release|Any CPU
		{02BBB5DD-BC96-43F6-A8FB-886B0E7108F9}.Debug|Any CPU.ActiveCfg = Debug|Any CPU
		{02BBB5DD-BC96-43F6-A8FB-886B0E7108F9}.Debug|Any CPU.Build.0 = Debug|Any CPU
		{02BBB5DD-BC96-43F6-A8FB-886B0E7108F9}.Debug|x64.ActiveCfg = Debug|Any CPU
		{02BBB5DD-BC96-43F6-A8FB-886B0E7108F9}.Debug|x64.Build.0 = Debug|Any CPU
		{02BBB5DD-BC96-43F6-A8FB-886B0E7108F9}.Debug|x86.ActiveCfg = Debug|Any CPU
		{02BBB5DD-BC96-43F6-A8FB-886B0E7108F9}.Debug|x86.Build.0 = Debug|Any CPU
		{02BBB5DD-BC96-43F6-A8FB-886B0E7108F9}.Release|Any CPU.ActiveCfg = Release|Any CPU
		{02BBB5DD-BC96-43F6-A8FB-886B0E7108F9}.Release|Any CPU.Build.0 = Release|Any CPU
		{02BBB5DD-BC96-43F6-A8FB-886B0E7108F9}.Release|x64.ActiveCfg = Release|Any CPU
		{02BBB5DD-BC96-43F6-A8FB-886B0E7108F9}.Release|x64.Build.0 = Release|Any CPU
		{02BBB5DD-BC96-43F6-A8FB-886B0E7108F9}.Release|x86.ActiveCfg = Release|Any CPU
		{02BBB5DD-BC96-43F6-A8FB-886B0E7108F9}.Release|x86.Build.0 = Release|Any CPU
		{C47DD073-237C-4F59-90C1-27E3AB328E61}.Debug|Any CPU.ActiveCfg = Debug|Any CPU
		{C47DD073-237C-4F59-90C1-27E3AB328E61}.Debug|Any CPU.Build.0 = Debug|Any CPU
		{C47DD073-237C-4F59-90C1-27E3AB328E61}.Debug|x64.ActiveCfg = Debug|Any CPU
		{C47DD073-237C-4F59-90C1-27E3AB328E61}.Debug|x64.Build.0 = Debug|Any CPU
		{C47DD073-237C-4F59-90C1-27E3AB328E61}.Debug|x86.ActiveCfg = Debug|Any CPU
		{C47DD073-237C-4F59-90C1-27E3AB328E61}.Debug|x86.Build.0 = Debug|Any CPU
		{C47DD073-237C-4F59-90C1-27E3AB328E61}.Release|Any CPU.ActiveCfg = Release|Any CPU
		{C47DD073-237C-4F59-90C1-27E3AB328E61}.Release|Any CPU.Build.0 = Release|Any CPU
		{C47DD073-237C-4F59-90C1-27E3AB328E61}.Release|x64.ActiveCfg = Release|Any CPU
		{C47DD073-237C-4F59-90C1-27E3AB328E61}.Release|x64.Build.0 = Release|Any CPU
		{C47DD073-237C-4F59-90C1-27E3AB328E61}.Release|x86.ActiveCfg = Release|Any CPU
		{C47DD073-237C-4F59-90C1-27E3AB328E61}.Release|x86.Build.0 = Release|Any CPU
	EndGlobalSection
	GlobalSection(SolutionProperties) = preSolution
		HideSolutionNode = FALSE
	EndGlobalSection
	GlobalSection(ExtensibilityGlobals) = postSolution
		SolutionGuid = {9887EE21-C4A7-4705-A457-679D1BDE542A}
	EndGlobalSection
EndGlobal
